
Microsoft Visual Studio Solution File, Format Version 12.00
# Visual Studio Version 16
VisualStudioVersion = 16.0.31729.503
MinimumVisualStudioVersion = 10.0.40219.1
Project("{FAE04EC0-301F-11D3-BF4B-00C04F79EFBC}") = "TaxWebApi", "TaxWebApi.csproj", "{96B04100-2D8D-423B-8A3C-6C754B4ED519}"
EndProject
Global
	GlobalSection(SolutionConfigurationPlatforms) = preSolution
		Debug|Any CPU = Debug|Any CPU
		Release|Any CPU = Release|Any CPU
	EndGlobalSection
	GlobalSection(ProjectConfigurationPlatforms) = postSolution
		{96B04100-2D8D-423B-8A3C-6C754B4ED519}.Debug|Any CPU.ActiveCfg = Debug|Any CPU
		{96B04100-2D8D-423B-8A3C-6C754B4ED519}.Debug|Any CPU.Build.0 = Debug|Any CPU
		{96B04100-2D8D-423B-8A3C-6C754B4ED519}.Release|Any CPU.ActiveCfg = Release|Any CPU
		{96B04100-2D8D-423B-8A3C-6C754B4ED519}.Release|Any CPU.Build.0 = Release|Any CPU
	EndGlobalSection
	GlobalSection(SolutionProperties) = preSolution
		HideSolutionNode = FALSE
	EndGlobalSection
	GlobalSection(ExtensibilityGlobals) = postSolution
		SolutionGuid = {110A8ED8-C7CE-4E9D-8D35-DDA61384861D}
	EndGlobalSection
EndGlobal
